
Microsoft Visual Studio Solution File, Format Version 12.00
# Visual Studio 15
Project("{FAE04EC0-301F-11D3-BF4B-00C04F79EFBC}") = "Asynkrone.UnityTelegramGame", "Asynkrone.UnityTelegramGame.csproj", "{CEEEB317-D0D5-2D23-648B-A85DEA7B2FF4}"
EndProject
Global
	GlobalSection(SolutionConfigurationPlatforms) = preSolution
		Debug|Any CPU = Debug|Any CPU
		Release|Any CPU = Release|Any CPU
	EndGlobalSection
	GlobalSection(ProjectConfigurationPlatforms) = postSolution
		{CEEEB317-D0D5-2D23-648B-A85DEA7B2FF4}.Debug|Any CPU.ActiveCfg = Debug|Any CPU
		{CEEEB317-D0D5-2D23-648B-A85DEA7B2FF4}.Debug|Any CPU.Build.0 = Debug|Any CPU
		{CEEEB317-D0D5-2D23-648B-A85DEA7B2FF4}.Release|Any CPU.ActiveCfg = Release|Any CPU
		{CEEEB317-D0D5-2D23-648B-A85DEA7B2FF4}.Release|Any CPU.Build.0 = Release|Any CPU
	EndGlobalSection
	GlobalSection(SolutionProperties) = preSolution
		HideSolutionNode = FALSE
	EndGlobalSection
EndGlobal
